{
  "name": "wikiforge",
  "version": "0.1.0",
  "lockfileVersion": 3,
  "requires": true,
  "packages": {
    "": {
      "name": "wikiforge",
      "version": "0.1.0",
      "license": "UNLICENSED",
      "dependencies": {
        "agent-manager": "file:../agent-manager"
      }
    },
    "../agent-manager": {
      "version": "0.1.0",
      "license": "MIT",
      "engines": {
        "node": ">=22.5.0"
      }
    },
    "node_modules/agent-manager": {
      "resolved": "../agent-manager",
      "link": true
    }
  }
}
